
Microsoft Visual Studio Solution File, Format Version 12.00
# Visual Studio Version 17
VisualStudioVersion = 17.14.36408.4
MinimumVisualStudioVersion = 10.0.40219.1
Project("{FAE04EC0-301F-11D3-BF4B-00C04F79EFBC}") = "ConsoleApp.OutputDemo", "ConsoleApp.OutputDemo\ConsoleApp.OutputDemo.csproj", "{80BD5182-E556-4CD3-95D2-E2D2B19CFB5A}"
EndProject
Project("{FAE04EC0-301F-11D3-BF4B-00C04F79EFBC}") = "ConsoleApp.VariablesDemo", "ConsoleApp.VariablesDemo\ConsoleApp.VariablesDemo.csproj", "{E127E6B6-BD0A-485C-A4A9-F052E057766F}"
EndProject
Project("{FAE04EC0-301F-11D3-BF4B-00C04F79EFBC}") = "ConsoleApp.UserInputDemo", "ConsoleApp.UserInputDemo\ConsoleApp.UserInputDemo.csproj", "{67E290E0-AD1B-450C-9329-293E58EE448C}"
EndProject
Project("{FAE04EC0-301F-11D3-BF4B-00C04F79EFBC}") = "ConsoleApp.Operators", "ConsoleApp.Operators\ConsoleApp.Operators.csproj", "{C68A90FC-4F65-4D40-A833-5A47E92AADFF}"
EndProject
Project("{FAE04EC0-301F-11D3-BF4B-00C04F79EFBC}") = "ConsoleApp.ConditionsAndDecisions", "ConsoleApp.ConditionsAndDecisions\ConsoleApp.ConditionsAndDecisions.csproj", "{8128C610-B13B-411B-90A5-C6B7B49AAB48}"
EndProject
Global
	GlobalSection(SolutionConfigurationPlatforms) = preSolution
		Debug|Any CPU = Debug|Any CPU
		Release|Any CPU = Release|Any CPU
	EndGlobalSection
	GlobalSection(ProjectConfigurationPlatforms) = postSolution
		{80BD5182-E556-4CD3-95D2-E2D2B19CFB5A}.Debug|Any CPU.ActiveCfg = Debug|Any CPU
		{80BD5182-E556-4CD3-95D2-E2D2B19CFB5A}.Debug|Any CPU.Build.0 = Debug|Any CPU
		{80BD5182-E556-4CD3-95D2-E2D2B19CFB5A}.Release|Any CPU.ActiveCfg = Release|Any CPU
		{80BD5182-E556-4CD3-95D2-E2D2B19CFB5A}.Release|Any CPU.Build.0 = Release|Any CPU
		{E127E6B6-BD0A-485C-A4A9-F052E057766F}.Debug|Any CPU.ActiveCfg = Debug|Any CPU
		{E127E6B6-BD0A-485C-A4A9-F052E057766F}.Debug|Any CPU.Build.0 = Debug|Any CPU
		{E127E6B6-BD0A-485C-A4A9-F052E057766F}.Release|Any CPU.ActiveCfg = Release|Any CPU
		{E127E6B6-BD0A-485C-A4A9-F052E057766F}.Release|Any CPU.Build.0 = Release|Any CPU
		{67E290E0-AD1B-450C-9329-293E58EE448C}.Debug|Any CPU.ActiveCfg = Debug|Any CPU
		{67E290E0-AD1B-450C-9329-293E58EE448C}.Debug|Any CPU.Build.0 = Debug|Any CPU
		{67E290E0-AD1B-450C-9329-293E58EE448C}.Release|Any CPU.ActiveCfg = Release|Any CPU
		{67E290E0-AD1B-450C-9329-293E58EE448C}.Release|Any CPU.Build.0 = Release|Any CPU
		{C68A90FC-4F65-4D40-A833-5A47E92AADFF}.Debug|Any CPU.ActiveCfg = Debug|Any CPU
		{C68A90FC-4F65-4D40-A833-5A47E92AADFF}.Debug|Any CPU.Build.0 = Debug|Any CPU
		{C68A90FC-4F65-4D40-A833-5A47E92AADFF}.Release|Any CPU.ActiveCfg = Release|Any CPU
		{C68A90FC-4F65-4D40-A833-5A47E92AADFF}.Release|Any CPU.Build.0 = Release|Any CPU
		{8128C610-B13B-411B-90A5-C6B7B49AAB48}.Debug|Any CPU.ActiveCfg = Debug|Any CPU
		{8128C610-B13B-411B-90A5-C6B7B49AAB48}.Debug|Any CPU.Build.0 = Debug|Any CPU
		{8128C610-B13B-411B-90A5-C6B7B49AAB48}.Release|Any CPU.ActiveCfg = Release|Any CPU
		{8128C610-B13B-411B-90A5-C6B7B49AAB48}.Release|Any CPU.Build.0 = Release|Any CPU
	EndGlobalSection
	GlobalSection(SolutionProperties) = preSolution
		HideSolutionNode = FALSE
	EndGlobalSection
	GlobalSection(ExtensibilityGlobals) = postSolution
		SolutionGuid = {8B767292-9A73-46E5-BE38-71DE08C366D7}
	EndGlobalSection
EndGlobal
